
Microsoft Visual Studio Solution File, Format Version 12.00
# Visual Studio Version 16
VisualStudioVersion = 16.0.32106.194
MinimumVisualStudioVersion = 10.0.40219.1
Project("{FAE04EC0-301F-11D3-BF4B-00C04F79EFBC}") = "CameraSeguePlayer", "CameraSeguePlayer\CameraSeguePlayer.csproj", "{FC94000A-A295-4509-8153-2EC1559CF2D8}"
EndProject
Global
	GlobalSection(SolutionConfigurationPlatforms) = preSolution
		Debug|Any CPU = Debug|Any CPU
		Release|Any CPU = Release|Any CPU
	EndGlobalSection
	GlobalSection(ProjectConfigurationPlatforms) = postSolution
		{FC94000A-A295-4509-8153-2EC1559CF2D8}.Debug|Any CPU.ActiveCfg = Debug|Any CPU
		{FC94000A-A295-4509-8153-2EC1559CF2D8}.Debug|Any CPU.Build.0 = Debug|Any CPU
		{FC94000A-A295-4509-8153-2EC1559CF2D8}.Release|Any CPU.ActiveCfg = Release|Any CPU
		{FC94000A-A295-4509-8153-2EC1559CF2D8}.Release|Any CPU.Build.0 = Release|Any CPU
	EndGlobalSection
	GlobalSection(SolutionProperties) = preSolution
		HideSolutionNode = FALSE
	EndGlobalSection
	GlobalSection(ExtensibilityGlobals) = postSolution
		SolutionGuid = {FFF921C6-51EB-49C1-8F62-97724E0D52CD}
	EndGlobalSection
EndGlobal
